
Microsoft Visual Studio Solution File, Format Version 12.00
# Visual Studio Version 16
VisualStudioVersion = 16.0.29102.190
MinimumVisualStudioVersion = 10.0.40219.1
Project("{FAE04EC0-301F-11D3-BF4B-00C04F79EFBC}") = "ParallelTasksAsync", "ParallelTasksAsync\ParallelTasksAsync.csproj", "{FA2A3019-B911-4916-8546-54E432B4F4F6}"
EndProject
Project("{FAE04EC0-301F-11D3-BF4B-00C04F79EFBC}") = "ParallelTasksAsyncTests", "ParallelTasksAsyncTests\ParallelTasksAsyncTests.csproj", "{AEFA226F-5FB1-44DA-81A8-D3AAE5902DDC}"
EndProject
Global
	GlobalSection(SolutionConfigurationPlatforms) = preSolution
		Debug|Any CPU = Debug|Any CPU
		Release|Any CPU = Release|Any CPU
	EndGlobalSection
	GlobalSection(ProjectConfigurationPlatforms) = postSolution
		{FA2A3019-B911-4916-8546-54E432B4F4F6}.Debug|Any CPU.ActiveCfg = Debug|Any CPU
		{FA2A3019-B911-4916-8546-54E432B4F4F6}.Debug|Any CPU.Build.0 = Debug|Any CPU
		{FA2A3019-B911-4916-8546-54E432B4F4F6}.Release|Any CPU.ActiveCfg = Release|Any CPU
		{FA2A3019-B911-4916-8546-54E432B4F4F6}.Release|Any CPU.Build.0 = Release|Any CPU
		{AEFA226F-5FB1-44DA-81A8-D3AAE5902DDC}.Debug|Any CPU.ActiveCfg = Debug|Any CPU
		{AEFA226F-5FB1-44DA-81A8-D3AAE5902DDC}.Debug|Any CPU.Build.0 = Debug|Any CPU
		{AEFA226F-5FB1-44DA-81A8-D3AAE5902DDC}.Release|Any CPU.ActiveCfg = Release|Any CPU
		{AEFA226F-5FB1-44DA-81A8-D3AAE5902DDC}.Release|Any CPU.Build.0 = Release|Any CPU
	EndGlobalSection
	GlobalSection(SolutionProperties) = preSolution
		HideSolutionNode = FALSE
	EndGlobalSection
	GlobalSection(ExtensibilityGlobals) = postSolution
		SolutionGuid = {E1D954C3-26B4-4244-9CB8-5225458C5553}
	EndGlobalSection
EndGlobal
